// !$*UTF8*$!
{
	archiveVersion = 1;
	classes = {
	};
	objectVersion = 46;
	objects = {

/* Begin PBXAggregateTarget section */
		A56A690F2197193600B1302F /* BurnSoftUniversalLib */ = {
			isa = PBXAggregateTarget;
			buildConfigurationList = A56A69102197193600B1302F /* Build configuration list for PBXAggregateTarget "BurnSoftUniversalLib" */;
			buildPhases = (
				A56A69132197208F00B1302F /* CopyFiles */,
				A598401F219723CF009EBBE5 /* ShellScript */,
			);
			dependencies = (
			);
			name = BurnSoftUniversalLib;
			productName = BurnSoftUniversalLib;
		};
/* End PBXAggregateTarget section */

/* Begin PBXBuildFile section */
		A56A6914219720C000B1302F /* DBManager.h in CopyFiles */ = {isa = PBXBuildFile; fileRef = A5C1A1881E422F4A00B5ABF6 /* DBManager.h */; };
		A56A6915219720C000B1302F /* BurnSoftMath.h in CopyFiles */ = {isa = PBXBuildFile; fileRef = A5C1A17E1E422DCF00B5ABF6 /* BurnSoftMath.h */; };
		A56A6916219720C000B1302F /* BurnSoftGeneral.h in CopyFiles */ = {isa = PBXBuildFile; fileRef = A5C1A17B1E422DC300B5ABF6 /* BurnSoftGeneral.h */; };
		A56A6917219720C000B1302F /* BurnSoftUniversal.h in CopyFiles */ = {isa = PBXBuildFile; fileRef = A5C1A1721E422D9900B5ABF6 /* BurnSoftUniversal.h */; };
		A56A6918219720C000B1302F /* BurnSoftFileSystem.h in CopyFiles */ = {isa = PBXBuildFile; fileRef = A5A3263A1F3FE08A0021EC6D /* BurnSoftFileSystem.h */; };
		A56A6919219720C000B1302F /* BurnSoftFormFunctions.h in CopyFiles */ = {isa = PBXBuildFile; fileRef = A5A3263D1F3FE14D0021EC6D /* BurnSoftFormFunctions.h */; };
		A56A691A219720C000B1302F /* BurnSoftDateTime.h in CopyFiles */ = {isa = PBXBuildFile; fileRef = A5D2740F218BD1F300BF0F53 /* BurnSoftDateTime.h */; };
		A5A3263C1F3FE08A0021EC6D /* BurnSoftFileSystem.m in Sources */ = {isa = PBXBuildFile; fileRef = A5A3263B1F3FE08A0021EC6D /* BurnSoftFileSystem.m */; };
		A5A3263F1F3FE14D0021EC6D /* BurnSoftFormFunctions.m in Sources */ = {isa = PBXBuildFile; fileRef = A5A3263E1F3FE14D0021EC6D /* BurnSoftFormFunctions.m */; };
		A5A326401F3FE1C10021EC6D /* BurnSoftFileSystem.h in CopyFiles */ = {isa = PBXBuildFile; fileRef = A5A3263A1F3FE08A0021EC6D /* BurnSoftFileSystem.h */; };
		A5A326411F3FE1C10021EC6D /* BurnSoftFormFunctions.h in CopyFiles */ = {isa = PBXBuildFile; fileRef = A5A3263D1F3FE14D0021EC6D /* BurnSoftFormFunctions.h */; };
		A5C1A1741E422D9900B5ABF6 /* BurnSoftUniversal.m in Sources */ = {isa = PBXBuildFile; fileRef = A5C1A1731E422D9900B5ABF6 /* BurnSoftUniversal.m */; };
		A5C1A1751E422D9900B5ABF6 /* BurnSoftUniversal.h in CopyFiles */ = {isa = PBXBuildFile; fileRef = A5C1A1721E422D9900B5ABF6 /* BurnSoftUniversal.h */; settings = {ATTRIBUTES = (CodeSignOnCopy, ); }; };
		A5C1A17D1E422DC300B5ABF6 /* BurnSoftGeneral.m in Sources */ = {isa = PBXBuildFile; fileRef = A5C1A17C1E422DC300B5ABF6 /* BurnSoftGeneral.m */; };
		A5C1A1801E422DCF00B5ABF6 /* BurnSoftMath.m in Sources */ = {isa = PBXBuildFile; fileRef = A5C1A17F1E422DCF00B5ABF6 /* BurnSoftMath.m */; };
		A5C1A1861E422F1400B5ABF6 /* BurnSoftMath.h in CopyFiles */ = {isa = PBXBuildFile; fileRef = A5C1A17E1E422DCF00B5ABF6 /* BurnSoftMath.h */; settings = {ATTRIBUTES = (CodeSignOnCopy, ); }; };
		A5C1A1871E422F1400B5ABF6 /* BurnSoftGeneral.h in CopyFiles */ = {isa = PBXBuildFile; fileRef = A5C1A17B1E422DC300B5ABF6 /* BurnSoftGeneral.h */; settings = {ATTRIBUTES = (CodeSignOnCopy, ); }; };
		A5C1A18A1E422F4A00B5ABF6 /* DBManager.m in Sources */ = {isa = PBXBuildFile; fileRef = A5C1A1891E422F4A00B5ABF6 /* DBManager.m */; };
		A5C1A18B1E422F5300B5ABF6 /* DBManager.h in CopyFiles */ = {isa = PBXBuildFile; fileRef = A5C1A1881E422F4A00B5ABF6 /* DBManager.h */; settings = {ATTRIBUTES = (CodeSignOnCopy, ); }; };
		A5D27411218BD1F300BF0F53 /* BurnSoftDateTime.m in Sources */ = {isa = PBXBuildFile; fileRef = A5D27410218BD1F300BF0F53 /* BurnSoftDateTime.m */; };
		A5D27413218BD38E00BF0F53 /* BurnSoftDateTime.h in CopyFiles */ = {isa = PBXBuildFile; fileRef = A5D2740F218BD1F300BF0F53 /* BurnSoftDateTime.h */; };
/* End PBXBuildFile section */

/* Begin PBXCopyFilesBuildPhase section */
		A56A69132197208F00B1302F /* CopyFiles */ = {
			isa = PBXCopyFilesBuildPhase;
			buildActionMask = 2147483647;
			dstPath = "include/$(PRODUCT_NAME)";
			dstSubfolderSpec = 16;
			files = (
				A56A6914219720C000B1302F /* DBManager.h in CopyFiles */,
				A56A6915219720C000B1302F /* BurnSoftMath.h in CopyFiles */,
				A56A6916219720C000B1302F /* BurnSoftGeneral.h in CopyFiles */,
				A56A6917219720C000B1302F /* BurnSoftUniversal.h in CopyFiles */,
				A56A6918219720C000B1302F /* BurnSoftFileSystem.h in CopyFiles */,
				A56A6919219720C000B1302F /* BurnSoftFormFunctions.h in CopyFiles */,
				A56A691A219720C000B1302F /* BurnSoftDateTime.h in CopyFiles */,
			);
			runOnlyForDeploymentPostprocessing = 0;
		};
		A5C1A16D1E422D9900B5ABF6 /* CopyFiles */ = {
			isa = PBXCopyFilesBuildPhase;
			buildActionMask = 2147483647;
			dstPath = "include/$(PRODUCT_NAME)";
			dstSubfolderSpec = 16;
			files = (
				A5D27413218BD38E00BF0F53 /* BurnSoftDateTime.h in CopyFiles */,
				A5A326401F3FE1C10021EC6D /* BurnSoftFileSystem.h in CopyFiles */,
				A5A326411F3FE1C10021EC6D /* BurnSoftFormFunctions.h in CopyFiles */,
				A5C1A18B1E422F5300B5ABF6 /* DBManager.h in CopyFiles */,
				A5C1A1861E422F1400B5ABF6 /* BurnSoftMath.h in CopyFiles */,
				A5C1A1871E422F1400B5ABF6 /* BurnSoftGeneral.h in CopyFiles */,
				A5C1A1751E422D9900B5ABF6 /* BurnSoftUniversal.h in CopyFiles */,
			);
			runOnlyForDeploymentPostprocessing = 0;
		};
/* End PBXCopyFilesBuildPhase section */

/* Begin PBXFileReference section */
		A5A3263A1F3FE08A0021EC6D /* BurnSoftFileSystem.h */ = {isa = PBXFileReference; fileEncoding = 4; lastKnownFileType = sourcecode.c.h; path = BurnSoftFileSystem.h; sourceTree = "<group>"; };
		A5A3263B1F3FE08A0021EC6D /* BurnSoftFileSystem.m */ = {isa = PBXFileReference; fileEncoding = 4; lastKnownFileType = sourcecode.c.objc; path = BurnSoftFileSystem.m; sourceTree = "<group>"; };
		A5A3263D1F3FE14D0021EC6D /* BurnSoftFormFunctions.h */ = {isa = PBXFileReference; fileEncoding = 4; lastKnownFileType = sourcecode.c.h; path = BurnSoftFormFunctions.h; sourceTree = "<group>"; };
		A5A3263E1F3FE14D0021EC6D /* BurnSoftFormFunctions.m */ = {isa = PBXFileReference; fileEncoding = 4; lastKnownFileType = sourcecode.c.objc; path = BurnSoftFormFunctions.m; sourceTree = "<group>"; };
		A5C1A16F1E422D9900B5ABF6 /* libBurnSoftUniversal.a */ = {isa = PBXFileReference; explicitFileType = archive.ar; includeInIndex = 0; path = libBurnSoftUniversal.a; sourceTree = BUILT_PRODUCTS_DIR; };
		A5C1A1721E422D9900B5ABF6 /* BurnSoftUniversal.h */ = {isa = PBXFileReference; lastKnownFileType = sourcecode.c.h; path = BurnSoftUniversal.h; sourceTree = "<group>"; };
		A5C1A1731E422D9900B5ABF6 /* BurnSoftUniversal.m */ = {isa = PBXFileReference; lastKnownFileType = sourcecode.c.objc; path = BurnSoftUniversal.m; sourceTree = "<group>"; };
		A5C1A17B1E422DC300B5ABF6 /* BurnSoftGeneral.h */ = {isa = PBXFileReference; fileEncoding = 4; lastKnownFileType = sourcecode.c.h; path = BurnSoftGeneral.h; sourceTree = "<group>"; };
		A5C1A17C1E422DC300B5ABF6 /* BurnSoftGeneral.m */ = {isa = PBXFileReference; fileEncoding = 4; lastKnownFileType = sourcecode.c.objc; path = BurnSoftGeneral.m; sourceTree = "<group>"; };
		A5C1A17E1E422DCF00B5ABF6 /* BurnSoftMath.h */ = {isa = PBXFileReference; fileEncoding = 4; lastKnownFileType = sourcecode.c.h; path = BurnSoftMath.h; sourceTree = "<group>"; };
		A5C1A17F1E422DCF00B5ABF6 /* BurnSoftMath.m */ = {isa = PBXFileReference; fileEncoding = 4; lastKnownFileType = sourcecode.c.objc; path = BurnSoftMath.m; sourceTree = "<group>"; };
		A5C1A1881E422F4A00B5ABF6 /* DBManager.h */ = {isa = PBXFileReference; fileEncoding = 4; lastKnownFileType = sourcecode.c.h; path = DBManager.h; sourceTree = "<group>"; };
		A5C1A1891E422F4A00B5ABF6 /* DBManager.m */ = {isa = PBXFileReference; fileEncoding = 4; lastKnownFileType = sourcecode.c.objc; path = DBManager.m; sourceTree = "<group>"; };
		A5C1A18D1E422F8100B5ABF6 /* libsqlite3.tbd */ = {isa = PBXFileReference; lastKnownFileType = "sourcecode.text-based-dylib-definition"; name = libsqlite3.tbd; path = usr/lib/libsqlite3.tbd; sourceTree = SDKROOT; };
		A5D2740F218BD1F300BF0F53 /* BurnSoftDateTime.h */ = {isa = PBXFileReference; lastKnownFileType = sourcecode.c.h; path = BurnSoftDateTime.h; sourceTree = "<group>"; };
		A5D27410218BD1F300BF0F53 /* BurnSoftDateTime.m */ = {isa = PBXFileReference; lastKnownFileType = sourcecode.c.objc; path = BurnSoftDateTime.m; sourceTree = "<group>"; };
/* End PBXFileReference section */

/* Begin PBXFrameworksBuildPhase section */
		A5C1A16C1E422D9900B5ABF6 /* Frameworks */ = {
			isa = PBXFrameworksBuildPhase;
			buildActionMask = 2147483647;
			files = (
			);
			runOnlyForDeploymentPostprocessing = 0;
		};
/* End PBXFrameworksBuildPhase section */

/* Begin PBXGroup section */
		A5C1A1661E422D9900B5ABF6 = {
			isa = PBXGroup;
			children = (
				A5C1A1711E422D9900B5ABF6 /* BurnSoftUniversal */,
				A5C1A1701E422D9900B5ABF6 /* Products */,
				A5C1A18C1E422F8100B5ABF6 /* Frameworks */,
			);
			sourceTree = "<group>";
		};
		A5C1A1701E422D9900B5ABF6 /* Products */ = {
			isa = PBXGroup;
			children = (
				A5C1A16F1E422D9900B5ABF6 /* libBurnSoftUniversal.a */,
			);
			name = Products;
			sourceTree = "<group>";
		};
		A5C1A1711E422D9900B5ABF6 /* BurnSoftUniversal */ = {
			isa = PBXGroup;
			children = (
				A5C1A1881E422F4A00B5ABF6 /* DBManager.h */,
				A5C1A1891E422F4A00B5ABF6 /* DBManager.m */,
				A5C1A17E1E422DCF00B5ABF6 /* BurnSoftMath.h */,
				A5C1A17F1E422DCF00B5ABF6 /* BurnSoftMath.m */,
				A5C1A17B1E422DC300B5ABF6 /* BurnSoftGeneral.h */,
				A5C1A17C1E422DC300B5ABF6 /* BurnSoftGeneral.m */,
				A5C1A1721E422D9900B5ABF6 /* BurnSoftUniversal.h */,
				A5C1A1731E422D9900B5ABF6 /* BurnSoftUniversal.m */,
				A5A3263A1F3FE08A0021EC6D /* BurnSoftFileSystem.h */,
				A5A3263B1F3FE08A0021EC6D /* BurnSoftFileSystem.m */,
				A5A3263D1F3FE14D0021EC6D /* BurnSoftFormFunctions.h */,
				A5A3263E1F3FE14D0021EC6D /* BurnSoftFormFunctions.m */,
				A5D2740F218BD1F300BF0F53 /* BurnSoftDateTime.h */,
				A5D27410218BD1F300BF0F53 /* BurnSoftDateTime.m */,
			);
			path = BurnSoftUniversal;
			sourceTree = "<group>";
		};
		A5C1A18C1E422F8100B5ABF6 /* Frameworks */ = {
			isa = PBXGroup;
			children = (
				A5C1A18D1E422F8100B5ABF6 /* libsqlite3.tbd */,
			);
			name = Frameworks;
			sourceTree = "<group>";
		};
/* End PBXGroup section */

/* Begin PBXNativeTarget section */
		A5C1A16E1E422D9900B5ABF6 /* BurnSoftUniversal */ = {
			isa = PBXNativeTarget;
			buildConfigurationList = A5C1A1781E422D9900B5ABF6 /* Build configuration list for PBXNativeTarget "BurnSoftUniversal" */;
			buildPhases = (
				A5C1A16B1E422D9900B5ABF6 /* Sources */,
				A5C1A16C1E422D9900B5ABF6 /* Frameworks */,
				A5C1A16D1E422D9900B5ABF6 /* CopyFiles */,
			);
			buildRules = (
			);
			dependencies = (
			);
			name = BurnSoftUniversal;
			productName = BurnSoftUniversal;
			productReference = A5C1A16F1E422D9900B5ABF6 /* libBurnSoftUniversal.a */;
			productType = "com.apple.product-type.library.static";
		};
/* End PBXNativeTarget section */

/* Begin PBXProject section */
		A5C1A1671E422D9900B5ABF6 /* Project object */ = {
			isa = PBXProject;
			attributes = {
				LastUpgradeCheck = 1010;
				ORGANIZATIONNAME = burnsoft;
				TargetAttributes = {
					A56A690F2197193600B1302F = {
						CreatedOnToolsVersion = 10.1;
						DevelopmentTeam = MF94VYSKL4;
						ProvisioningStyle = Automatic;
					};
					A5C1A16E1E422D9900B5ABF6 = {
						CreatedOnToolsVersion = 8.0;
						DevelopmentTeam = MF94VYSKL4;
						ProvisioningStyle = Automatic;
					};
				};
			};
			buildConfigurationList = A5C1A16A1E422D9900B5ABF6 /* Build configuration list for PBXProject "BurnSoftUniversal" */;
			compatibilityVersion = "Xcode 3.2";
			developmentRegion = English;
			hasScannedForEncodings = 0;
			knownRegions = (
				en,
			);
			mainGroup = A5C1A1661E422D9900B5ABF6;
			productRefGroup = A5C1A1701E422D9900B5ABF6 /* Products */;
			projectDirPath = "";
			projectRoot = "";
			targets = (
				A5C1A16E1E422D9900B5ABF6 /* BurnSoftUniversal */,
				A56A690F2197193600B1302F /* BurnSoftUniversalLib */,
			);
		};
/* End PBXProject section */

/* Begin PBXShellScriptBuildPhase section */
		A598401F219723CF009EBBE5 /* ShellScript */ = {
			isa = PBXShellScriptBuildPhase;
			buildActionMask = 2147483647;
			files = (
			);
			inputFileListPaths = (
			);
			inputPaths = (
			);
			outputFileListPaths = (
			);
			outputPaths = (
			);
			runOnlyForDeploymentPostprocessing = 0;
			shellPath = /bin/sh;
			shellScript = "#!/bin/sh\n\nUNIVERSAL_OUTPUTFOLDER=${BUILD_DIR}/${CONFIGURATION}-universal\nOUPUT_PATH_NAME=\"iphonesimulator\"\n\n# make sure the output directory exists\nmkdir -p \"${UNIVERSAL_OUTPUTFOLDER}\"\n\n# Step 1. Build Device and Simulator versions\nxcodebuild -target \"${PROJECT_NAME}\" ONLY_ACTIVE_ARCH=NO -configuration ${CONFIGURATION} -sdk iphoneos  BUILD_DIR=\"${BUILD_DIR}\" BUILD_ROOT=\"${BUILD_ROOT}\" clean build\nxcodebuild -target \"${PROJECT_NAME}\" -configuration ${CONFIGURATION} -sdk iphonesimulator ONLY_ACTIVE_ARCH=NO BUILD_DIR=\"${BUILD_DIR}\" BUILD_ROOT=\"${BUILD_ROOT}\" clean build\n\n# Step 2. Copy the framework structure (from iphoneos build) to the universal folder\ncp -R \"${BUILD_DIR}/${CONFIGURATION}-iphoneos/${PROJECT_NAME}.framework\" \"${UNIVERSAL_OUTPUTFOLDER}/\"\n\n# Step 3. Copy Swift modules from iphonesimulator build (if it exists) to the copied framework directory\nSIMULATOR_SWIFT_MODULES_DIR=\"${BUILD_DIR}/${CONFIGURATION}-${OUPUT_PATH_NAME}/${PROJECT_NAME}.framework/Modules/${PROJECT_NAME}.swiftmodule/.\"\nif [ -d \"${SIMULATOR_SWIFT_MODULES_DIR}\" ]; then\ncp -R \"${SIMULATOR_SWIFT_MODULES_DIR}\" \"${UNIVERSAL_OUTPUTFOLDER}/${PROJECT_NAME}.framework/Modules/${PROJECT_NAME}.swiftmodule\"\nfi\n\n# Step 4. Create universal binary file using lipo and place the combined executable in the copied framework directory\nlipo -create -output \"${UNIVERSAL_OUTPUTFOLDER}/${PROJECT_NAME}.framework/${PROJECT_NAME}\" \"${BUILD_DIR}/${CONFIGURATION}-${OUPUT_PATH_NAME}/${PROJECT_NAME}.framework/${PROJECT_NAME}\" \"${BUILD_DIR}/${CONFIGURATION}-iphoneos/${PROJECT_NAME}.framework/${PROJECT_NAME}\"\n\n# Step 5. Convenience step to copy the framework to the project's directory\ncp -R \"${UNIVERSAL_OUTPUTFOLDER}/${PROJECT_NAME}.framework\" \"${PROJECT_DIR}\"\n\nrm -rf \"${UNIVERSAL_OUTPUTFOLDER}\"\n# Step 6. Convenience step to open the project's directory in Finder\n#open \"${PROJECT_DIR}\"\nopen \"${BUILD_DIR}\"\n";
		};
/* End PBXShellScriptBuildPhase section */

/* Begin PBXSourcesBuildPhase section */
		A5C1A16B1E422D9900B5ABF6 /* Sources */ = {
			isa = PBXSourcesBuildPhase;
			buildActionMask = 2147483647;
			files = (
				A5D27411218BD1F300BF0F53 /* BurnSoftDateTime.m in Sources */,
				A5A3263F1F3FE14D0021EC6D /* BurnSoftFormFunctions.m in Sources */,
				A5C1A1741E422D9900B5ABF6 /* BurnSoftUniversal.m in Sources */,
				A5C1A17D1E422DC300B5ABF6 /* BurnSoftGeneral.m in Sources */,
				A5C1A1801E422DCF00B5ABF6 /* BurnSoftMath.m in Sources */,
				A5A3263C1F3FE08A0021EC6D /* BurnSoftFileSystem.m in Sources */,
				A5C1A18A1E422F4A00B5ABF6 /* DBManager.m in Sources */,
			);
			runOnlyForDeploymentPostprocessing = 0;
		};
/* End PBXSourcesBuildPhase section */

/* Begin XCBuildConfiguration section */
		A56A69112197193600B1302F /* Debug */ = {
			isa = XCBuildConfiguration;
			buildSettings = {
				CODE_SIGN_STYLE = Automatic;
				DEVELOPMENT_TEAM = MF94VYSKL4;
				PRODUCT_NAME = "$(TARGET_NAME)";
				VALID_ARCHS = "arm64 arm64e armv7 armv7s i386 x86_64";
			};
			name = Debug;
		};
		A56A69122197193600B1302F /* Release */ = {
			isa = XCBuildConfiguration;
			buildSettings = {
				CODE_SIGN_STYLE = Automatic;
				DEVELOPMENT_TEAM = MF94VYSKL4;
				PRODUCT_NAME = "$(TARGET_NAME)";
				VALID_ARCHS = "arm64 arm64e armv7 armv7s i386 x86_64";
			};
			name = Release;
		};
		A5C1A1761E422D9900B5ABF6 /* Debug */ = {
			isa = XCBuildConfiguration;
			buildSettings = {
				ALWAYS_SEARCH_USER_PATHS = NO;
				CLANG_ANALYZER_NONNULL = YES;
				CLANG_CXX_LANGUAGE_STANDARD = "gnu++0x";
				CLANG_CXX_LIBRARY = "libc++";
				CLANG_ENABLE_MODULES = YES;
				CLANG_ENABLE_OBJC_ARC = YES;
				CLANG_WARN_BLOCK_CAPTURE_AUTORELEASING = YES;
				CLANG_WARN_BOOL_CONVERSION = YES;
				CLANG_WARN_COMMA = YES;
				CLANG_WARN_CONSTANT_CONVERSION = YES;
				CLANG_WARN_DEPRECATED_OBJC_IMPLEMENTATIONS = YES;
				CLANG_WARN_DIRECT_OBJC_ISA_USAGE = YES_ERROR;
				CLANG_WARN_DOCUMENTATION_COMMENTS = YES;
				CLANG_WARN_EMPTY_BODY = YES;
				CLANG_WARN_ENUM_CONVERSION = YES;
				CLANG_WARN_INFINITE_RECURSION = YES;
				CLANG_WARN_INT_CONVERSION = YES;
				CLANG_WARN_NON_LITERAL_NULL_CONVERSION = YES;
				CLANG_WARN_OBJC_IMPLICIT_RETAIN_SELF = YES;
				CLANG_WARN_OBJC_LITERAL_CONVERSION = YES;
				CLANG_WARN_OBJC_ROOT_CLASS = YES_ERROR;
				CLANG_WARN_RANGE_LOOP_ANALYSIS = YES;
				CLANG_WARN_STRICT_PROTOTYPES = YES;
				CLANG_WARN_SUSPICIOUS_MOVE = YES;
				CLANG_WARN_SUSPICIOUS_MOVES = YES;
				CLANG_WARN_UNREACHABLE_CODE = YES;
				CLANG_WARN__DUPLICATE_METHOD_MATCH = YES;
				CODE_SIGN_IDENTITY = "iPhone Developer";
				"CODE_SIGN_IDENTITY[sdk=iphoneos*]" = "iPhone Developer";
				COPY_PHASE_STRIP = NO;
				DEBUG_INFORMATION_FORMAT = dwarf;
				DEVELOPMENT_TEAM = MF94VYSKL4;
				ENABLE_BITCODE = NO;
				ENABLE_STRICT_OBJC_MSGSEND = YES;
				ENABLE_TESTABILITY = YES;
				GCC_C_LANGUAGE_STANDARD = gnu99;
				GCC_DYNAMIC_NO_PIC = NO;
				GCC_INPUT_FILETYPE = sourcecode.c.objc;
				GCC_NO_COMMON_BLOCKS = YES;
				GCC_OPTIMIZATION_LEVEL = 0;
				GCC_PREPROCESSOR_DEFINITIONS = (
					"DEBUG=1",
					"$(inherited)",
				);
				GCC_WARN_64_TO_32_BIT_CONVERSION = YES;
				GCC_WARN_ABOUT_RETURN_TYPE = YES_ERROR;
				GCC_WARN_UNDECLARED_SELECTOR = YES;
				GCC_WARN_UNINITIALIZED_AUTOS = YES_AGGRESSIVE;
				GCC_WARN_UNUSED_FUNCTION = YES;
				GCC_WARN_UNUSED_VARIABLE = YES;
				IPHONEOS_DEPLOYMENT_TARGET = 10.0;
				MTL_ENABLE_DEBUG_INFO = YES;
				ONLY_ACTIVE_ARCH = YES;
				OTHER_LDFLAGS = (
					"-ObjC",
					"-load_all",
				);
				PRODUCT_NAME = BurnSoftUniversal;
				SDKROOT = iphoneos;
			};
			name = Debug;
		};
		A5C1A1771E422D9900B5ABF6 /* Release */ = {
			isa = XCBuildConfiguration;
			buildSettings = {
				ALWAYS_SEARCH_USER_PATHS = NO;
				CLANG_ANALYZER_NONNULL = YES;
				CLANG_CXX_LANGUAGE_STANDARD = "gnu++0x";
				CLANG_CXX_LIBRARY = "libc++";
				CLANG_ENABLE_MODULES = YES;
				CLANG_ENABLE_OBJC_ARC = YES;
				CLANG_WARN_BLOCK_CAPTURE_AUTORELEASING = YES;
				CLANG_WARN_BOOL_CONVERSION = YES;
				CLANG_WARN_COMMA = YES;
				CLANG_WARN_CONSTANT_CONVERSION = YES;
				CLANG_WARN_DEPRECATED_OBJC_IMPLEMENTATIONS = YES;
				CLANG_WARN_DIRECT_OBJC_ISA_USAGE = YES_ERROR;
				CLANG_WARN_DOCUMENTATION_COMMENTS = YES;
				CLANG_WARN_EMPTY_BODY = YES;
				CLANG_WARN_ENUM_CONVERSION = YES;
				CLANG_WARN_INFINITE_RECURSION = YES;
				CLANG_WARN_INT_CONVERSION = YES;
				CLANG_WARN_NON_LITERAL_NULL_CONVERSION = YES;
				CLANG_WARN_OBJC_IMPLICIT_RETAIN_SELF = YES;
				CLANG_WARN_OBJC_LITERAL_CONVERSION = YES;
				CLANG_WARN_OBJC_ROOT_CLASS = YES_ERROR;
				CLANG_WARN_RANGE_LOOP_ANALYSIS = YES;
				CLANG_WARN_STRICT_PROTOTYPES = YES;
				CLANG_WARN_SUSPICIOUS_MOVE = YES;
				CLANG_WARN_SUSPICIOUS_MOVES = YES;
				CLANG_WARN_UNREACHABLE_CODE = YES;
				CLANG_WARN__DUPLICATE_METHOD_MATCH = YES;
				CODE_SIGN_IDENTITY = "iPhone Developer";
				"CODE_SIGN_IDENTITY[sdk=iphoneos*]" = "iPhone Developer";
				COPY_PHASE_STRIP = NO;
				DEBUG_INFORMATION_FORMAT = "dwarf-with-dsym";
				DEVELOPMENT_TEAM = MF94VYSKL4;
				ENABLE_BITCODE = NO;
				ENABLE_NS_ASSERTIONS = NO;
				ENABLE_STRICT_OBJC_MSGSEND = YES;
				GCC_C_LANGUAGE_STANDARD = gnu99;
				GCC_INPUT_FILETYPE = sourcecode.c.objc;
				GCC_NO_COMMON_BLOCKS = YES;
				GCC_WARN_64_TO_32_BIT_CONVERSION = YES;
				GCC_WARN_ABOUT_RETURN_TYPE = YES_ERROR;
				GCC_WARN_UNDECLARED_SELECTOR = YES;
				GCC_WARN_UNINITIALIZED_AUTOS = YES_AGGRESSIVE;
				GCC_WARN_UNUSED_FUNCTION = YES;
				GCC_WARN_UNUSED_VARIABLE = YES;
				IPHONEOS_DEPLOYMENT_TARGET = 10.0;
				MTL_ENABLE_DEBUG_INFO = NO;
				ONLY_ACTIVE_ARCH = YES;
				OTHER_LDFLAGS = (
					"-ObjC",
					"-load_all",
				);
				PRODUCT_NAME = BurnSoftUniversal;
				SDKROOT = iphoneos;
				VALIDATE_PRODUCT = YES;
			};
			name = Release;
		};
		A5C1A1791E422D9900B5ABF6 /* Debug */ = {
			isa = XCBuildConfiguration;
			buildSettings = {
				DEVELOPMENT_TEAM = MF94VYSKL4;
				DYLIB_COMPATIBILITY_VERSION = 1.1.2;
				DYLIB_CURRENT_VERSION = 1.1.2;
				ENABLE_BITCODE = NO;
				GCC_INPUT_FILETYPE = sourcecode.c.objc;
				LIBRARY_SEARCH_PATHS = (
					"$(inherited)",
					"$(PROJECT_DIR)/BurnSoftUniversal",
				);
				OTHER_LDFLAGS = (
					"-ObjC",
					"-all_load",
				);
				PRODUCT_NAME = "$(TARGET_NAME)";
				SKIP_INSTALL = YES;
				VALID_ARCHS = "arm64 arm64e armv7 armv7s i386 x86_64";
			};
			name = Debug;
		};
		A5C1A17A1E422D9900B5ABF6 /* Release */ = {
			isa = XCBuildConfiguration;
			buildSettings = {
				DEVELOPMENT_TEAM = MF94VYSKL4;
				DYLIB_COMPATIBILITY_VERSION = 1.1.2;
				DYLIB_CURRENT_VERSION = 1.1.2;
				ENABLE_BITCODE = NO;
				GCC_INPUT_FILETYPE = sourcecode.c.objc;
				LIBRARY_SEARCH_PATHS = (
					"$(inherited)",
					"$(PROJECT_DIR)/BurnSoftUniversal",
				);
				ONLY_ACTIVE_ARCH = YES;
				OTHER_LDFLAGS = (
					"-ObjC",
					"-all_load",
				);
				PRODUCT_NAME = "$(TARGET_NAME)";
				SKIP_INSTALL = YES;
				VALID_ARCHS = "arm64 arm64e armv7 armv7s i386 x86_64";
			};
			name = Release;
		};
/* End XCBuildConfiguration section */

/* Begin XCConfigurationList section */
		A56A69102197193600B1302F /* Build configuration list for PBXAggregateTarget "BurnSoftUniversalLib" */ = {
			isa = XCConfigurationList;
			buildConfigurations = (
				A56A69112197193600B1302F /* Debug */,
				A56A69122197193600B1302F /* Release */,
			);
			defaultConfigurationIsVisible = 0;
			defaultConfigurationName = Release;
		};
		A5C1A16A1E422D9900B5ABF6 /* Build configuration list for PBXProject "BurnSoftUniversal" */ = {
			isa = XCConfigurationList;
			buildConfigurations = (
				A5C1A1761E422D9900B5ABF6 /* Debug */,
				A5C1A1771E422D9900B5ABF6 /* Release */,
			);
			defaultConfigurationIsVisible = 0;
			defaultConfigurationName = Release;
		};
		A5C1A1781E422D9900B5ABF6 /* Build configuration list for PBXNativeTarget "BurnSoftUniversal" */ = {
			isa = XCConfigurationList;
			buildConfigurations = (
				A5C1A1791E422D9900B5ABF6 /* Debug */,
				A5C1A17A1E422D9900B5ABF6 /* Release */,
			);
			defaultConfigurationIsVisible = 0;
			defaultConfigurationName = Release;
		};
/* End XCConfigurationList section */
	};
	rootObject = A5C1A1671E422D9900B5ABF6 /* Project object */;
}
